{
  "name": "wiki-parse",
  "version": "1.0.1",
  "lockfileVersion": 1,
  "requires": true,
  "dependencies": {
    "colors": {
      "version": "1.1.2",
      "resolved": "https://registry.npmjs.org/colors/-/colors-1.1.2.tgz",
      "integrity": "sha1-FopHAXVran9RoSzgyXv6KMCE7WM="
    },
    "ebnf": {
      "version": "1.5.0",
      "resolved": "https://registry.npmjs.org/ebnf/-/ebnf-1.5.0.tgz",
      "integrity": "sha1-dwgy95hnsTnoT2OeUHCp+vVPr1o=",
      "requires": {
        "colors": "1.1.2"
      }
    }
  }
}
